version = 1
revision = 3
requires-python = "==3.12.*"

[[package]]
name = "astropy"
version = "8.0.1"
source = { registry = "http://airlock-proxy.uplink.goog:999/python/artifact-foundry-prod/ah-3p-staging-python/simple/" }
dependencies = [
    { name = "astropy-iers-data" },
    { name = "numpy" },
    { name = "packaging" },
    { name = "pyerfa" },
    { name = "pyyaml" },
]
sdist = { url = "http://airlock-proxy.uplink.goog:999/python/artifact-foundry-prod/ah-3p-staging-python/astropy/astropy-8.0.1.tar.gz", hash = "sha256:45ca31d5b91fa294cd590a4791a32db94de7f9c8a343155f4d5877baa82351da" }
wheels = [
    { url = "http://airlock-proxy.uplink.goog:999/python/artifact-foundry-prod/ah-3p-staging-python/astropy/astropy-8.0.1-cp311-abi3-macosx_10_9_x86_64.whl", hash = "sha256:24813c764d5ea111e7f716127121e22a0cfe233ca1eac2ed23c4a3848390610e" },
    { url = "http://airlock-proxy.uplink.goog:999/python/artifact-foundry-prod/ah-3p-staging-python/astropy/astropy-8.0.1-cp311-abi3-macosx_11_0_arm64.whl", hash = "sha256:222f0b9837e79fd3d101e6d4e4579e3aa98c490000bb01e35cd32fd3e3c12bf5" },
    { url = "http://airlock-proxy.uplink.goog:999/python/artifact-foundry-prod/ah-3p-staging-python/astropy/astropy-8.0.1-cp311-abi3-manylinux2014_aarch64.manylinux_2_17_aarch64.manylinux_2_28_aarch64.whl", hash = "sha256:9a4044396c15969bb029b648521f7c25d294e982dbd23e7c2c7dd328178b8b98" },
    { url = "http://airlock-proxy.uplink.goog:999/python/artifact-foundry-prod/ah-3p-staging-python/astropy/astropy-8.0.1-cp311-abi3-manylinux2014_x86_64.manylinux_2_17_x86_64.manylinux_2_28_x86_64.whl", hash = "sha256:fa11d56855e10107ea2231a6b6a33dbf1edbea6890adf34634c1f1d8f25c5a5a" },
    { url = "http://airlock-proxy.uplink.goog:999/python/artifact-foundry-prod/ah-3p-staging-python/astropy/astropy-8.0.1-cp311-abi3-musllinux_1_2_x86_64.whl", hash = "sha256:5b482bc6c57c966e6c6234410a1d9afbcf92bcac858cf287812f8c99ddc3fafc" },
    { url = "http://airlock-proxy.uplink.goog:999/python/artifact-foundry-prod/ah-3p-staging-python/astropy/astropy-8.0.1-cp311-abi3-win32.whl", hash = "sha256:13a6ef59347a15c55406bb630e0d25d0248a179af84fae06a7ddb85a229065b2" },
    { url = "http://airlock-proxy.uplink.goog:999/python/artifact-foundry-prod/ah-3p-staging-python/astropy/astropy-8.0.1-cp311-abi3-win_amd64.whl", hash = "sha256:ee9024f2237243ebc98726f8eff2efbf201ea4e0bba1d21f6e2dee0cb499fbdf" },
    { url = "http://airlock-proxy.uplink.goog:999/python/artifact-foundry-prod/ah-3p-staging-python/astropy/astropy-8.0.1-cp311-abi3-win_arm64.whl", hash = "sha256:435e784f2cd9a4c31a03102e6ad27a51b901a8d5587bc78afe8d28e41eb44824" },
]

[[package]]
name = "astropy-iers-data"
version = "0.2026.9.21.0.56.25"
source = { registry = "http://airlock-proxy.uplink.goog:999/python/artifact-foundry-prod/ah-3p-staging-python/simple/" }
sdist = { url = "http://airlock-proxy.uplink.goog:999/python/artifact-foundry-prod/ah-3p-staging-python/astropy-iers-data/astropy_iers_data-0.2026.9.21.0.56.25.tar.gz", hash = "sha256:d58a7622bd9a21a31cfc9233fdb1a98f150a8bba863f0d2ce6c41f5c59f3938b" }
wheels = [
    { url = "http://airlock-proxy.uplink.goog:999/python/artifact-foundry-prod/ah-3p-staging-python/astropy-iers-data/astropy_iers_data-0.2026.9.21.0.56.25-py3-none-any.whl", hash = "sha256:80a5fd133c661119e202880a6f0ac343c404c32fa89852adf5e23d5361213603" },
]

[[package]]
name = "healpy"
version = "1.20.0"
source = { registry = "http://airlock-proxy.uplink.goog:999/python/artifact-foundry-prod/ah-3p-staging-python/simple/" }
dependencies = [
    { name = "astropy" },
    { name = "numpy" },
]
sdist = { url = "http://airlock-proxy.uplink.goog:999/python/artifact-foundry-prod/ah-3p-staging-python/healpy/healpy-1.20.0.tar.gz", hash = "sha256:03b0e1551ae235c7290e9bfdf69fa9cdc194f8a2be51198c1924b15d826102ed" }
wheels = [
    { url = "http://airlock-proxy.uplink.goog:999/python/artifact-foundry-prod/ah-3p-staging-python/healpy/healpy-1.20.0-cp312-cp312-macosx_13_0_x86_64.whl", hash = "sha256:3e662a31261d32fb38eaea55364576547132657ed5a8d5d075baf6c15f39a0a2" },
    { url = "http://airlock-proxy.uplink.goog:999/python/artifact-foundry-prod/ah-3p-staging-python/healpy/healpy-1.20.0-cp312-cp312-macosx_14_0_arm64.whl", hash = "sha256:e7e5caa8fbf35037a19cb4d656af2752ab543126879e6855572c2d751a536d50" },
    { url = "http://airlock-proxy.uplink.goog:999/python/artifact-foundry-prod/ah-3p-staging-python/healpy/healpy-1.20.0-cp312-cp312-macosx_15_0_arm64.whl", hash = "sha256:ed709d88f5bd71894950bf0dd98ddf80b65b1085fe28199b8ce759a98a7a4445" },
    { url = "http://airlock-proxy.uplink.goog:999/python/artifact-foundry-prod/ah-3p-staging-python/healpy/healpy-1.20.0-cp312-cp312-manylinux_2_28_aarch64.whl", hash = "sha256:18b6495eb7416dca382e66656134f3a192ebe98b44ff9d38ab1169d3afb83cc5" },
    { url = "http://airlock-proxy.uplink.goog:999/python/artifact-foundry-prod/ah-3p-staging-python/healpy/healpy-1.20.0-cp312-cp312-manylinux_2_28_x86_64.whl", hash = "sha256:b261afa9fdb82af891aa16a708babf3a38209f0e05a93c777e2d5b9dc6397b27" },
    { url = "http://airlock-proxy.uplink.goog:999/python/artifact-foundry-prod/ah-3p-staging-python/healpy/healpy-1.20.0-cp312-cp312-musllinux_1_2_aarch64.whl", hash = "sha256:96f475f05d0d55183393a19ca5ee2e615958ec4a5a92f8e2640bc7511d635c64" },
    { url = "http://airlock-proxy.uplink.goog:999/python/artifact-foundry-prod/ah-3p-staging-python/healpy/healpy-1.20.0-cp312-cp312-musllinux_1_2_x86_64.whl", hash = "sha256:3d0a025ce4229272e3bf1ec1ae6dbc61de7bfc4966c8351ebc009434842f353d" },
]

[[package]]
name = "numpy"
version = "2.5.3"
source = { registry = "http://airlock-proxy.uplink.goog:999/python/artifact-foundry-prod/ah-3p-staging-python/simple/" }
sdist = { url = "http://airlock-proxy.uplink.goog:999/python/artifact-foundry-prod/ah-3p-staging-python/numpy/numpy-2.5.3.tar.gz", hash = "sha256:df2d5874ff183595a4ba404edd04f6bd9b5505c1d7708573f6a6c17489a67563" }
wheels = [
    { url = "http://airlock-proxy.uplink.goog:999/python/artifact-foundry-prod/ah-3p-staging-python/numpy/numpy-2.5.3-cp312-cp312-macosx_10_13_x86_64.whl", hash = "sha256:cb189f09db39283b26bfd061ec16189e14f71c6755207f72a0f7540867afe5b9" },
    { url = "http://airlock-proxy.uplink.goog:999/python/artifact-foundry-prod/ah-3p-staging-python/numpy/numpy-2.5.3-cp312-cp312-macosx_11_0_arm64.whl", hash = "sha256:f59a878c33d6b88122d80d239bb3b845d58708750b0cb06a09aebb9b18ec696c" },
    { url = "http://airlock-proxy.uplink.goog:999/python/artifact-foundry-prod/ah-3p-staging-python/numpy/numpy-2.5.3-cp312-cp312-macosx_14_0_arm64.whl", hash = "sha256:a72f874bc9e10e4b8f80426fb49716d5141f64442a0c8418065093ec8017fbb0" },
    { url = "http://airlock-proxy.uplink.goog:999/python/artifact-foundry-prod/ah-3p-staging-python/numpy/numpy-2.5.3-cp312-cp312-macosx_14_0_x86_64.whl", hash = "sha256:fc36dc566135b5eceec4cf89758fcb719266a019ef07dae1754ae7c9f617ef3e" },
    { url = "http://airlock-proxy.uplink.goog:999/python/artifact-foundry-prod/ah-3p-staging-python/numpy/numpy-2.5.3-cp312-cp312-manylinux_2_27_aarch64.manylinux_2_28_aarch64.whl", hash = "sha256:76c2c1e6bfa5c84adc6434dfbf013aa92096a7985221762c8f11fedfd20fff58" },
    { url = "http://airlock-proxy.uplink.goog:999/python/artifact-foundry-prod/ah-3p-staging-python/numpy/numpy-2.5.3-cp312-cp312-manylinux_2_27_x86_64.manylinux_2_28_x86_64.whl", hash = "sha256:b7e18c623bb5c95acb3b3328861272816ba199fb531921c5d6d0b675f1fde9e3" },
    { url = "http://airlock-proxy.uplink.goog:999/python/artifact-foundry-prod/ah-3p-staging-python/numpy/numpy-2.5.3-cp312-cp312-musllinux_1_2_aarch64.whl", hash = "sha256:4f8929ee6c96bfbd7b4ed2032e0c03af86fe1826740ab61ddabf9072d06e57ff" },
    { url = "http://airlock-proxy.uplink.goog:999/python/artifact-foundry-prod/ah-3p-staging-python/numpy/numpy-2.5.3-cp312-cp312-musllinux_1_2_x86_64.whl", hash = "sha256:b5d93cf48f687479941d12b69c873ad2cc76bbd487f0091c2200636497f34034" },
    { url = "http://airlock-proxy.uplink.goog:999/python/artifact-foundry-prod/ah-3p-staging-python/numpy/numpy-2.5.3-cp312-cp312-win32.whl", hash = "sha256:bf63afbe037eb5d2fe87fbcc7778e61da53ebaf21d938a4515aa73b62532a5d4" },
    { url = "http://airlock-proxy.uplink.goog:999/python/artifact-foundry-prod/ah-3p-staging-python/numpy/numpy-2.5.3-cp312-cp312-win_amd64.whl", hash = "sha256:0a59a421a32580a009e8a1751345bf829631b990dc1794b80514ab722b435def" },
    { url = "http://airlock-proxy.uplink.goog:999/python/artifact-foundry-prod/ah-3p-staging-python/numpy/numpy-2.5.3-cp312-cp312-win_arm64.whl", hash = "sha256:ccb32e0525d29e8b0572eb84c9a57af0e7a4e615726927506f55063c62414034" },
]

[[package]]
name = "packaging"
version = "26.3"
source = { registry = "http://airlock-proxy.uplink.goog:999/python/artifact-foundry-prod/ah-3p-staging-python/simple/" }
sdist = { url = "http://airlock-proxy.uplink.goog:999/python/artifact-foundry-prod/ah-3p-staging-python/packaging/packaging-26.3.tar.gz", hash = "sha256:94edc256424af38762eb31306eed28beb9f0efc50a8837492c9d6fd6004aed79" }
wheels = [
    { url = "http://airlock-proxy.uplink.goog:999/python/artifact-foundry-prod/ah-3p-staging-python/packaging/packaging-26.3-py3-none-any.whl", hash = "sha256:d7193f7c8e4e93f444fde0262bf90af30e16fa0ad0ad44cb553c87339b23cd1c" },
]

[[package]]
name = "pillow"
version = "12.3.0"
source = { registry = "http://airlock-proxy.uplink.goog:999/python/artifact-foundry-prod/ah-3p-staging-python/simple/" }
sdist = { url = "http://airlock-proxy.uplink.goog:999/python/artifact-foundry-prod/ah-3p-staging-python/pillow/pillow-12.3.0.tar.gz", hash = "sha256:3b8182a766685eaa002637e28b4ec8d6b18819a0c71f579bf0dbaa5830297cce" }
wheels = [
    { url = "http://airlock-proxy.uplink.goog:999/python/artifact-foundry-prod/ah-3p-staging-python/pillow/pillow-12.3.0-cp312-cp312-macosx_10_13_x86_64.whl", hash = "sha256:ba09209fbe443b4acccebe845d8a138b89a8f4fbaeedd44953490b5315d5e965" },
    { url = "http://airlock-proxy.uplink.goog:999/python/artifact-foundry-prod/ah-3p-staging-python/pillow/pillow-12.3.0-cp312-cp312-macosx_11_0_arm64.whl", hash = "sha256:ffd0c5368496f41b0944be820fcb7a838aa6e623d250b01acf2643939c3f99d7" },
    { url = "http://airlock-proxy.uplink.goog:999/python/artifact-foundry-prod/ah-3p-staging-python/pillow/pillow-12.3.0-cp312-cp312-manylinux_2_27_aarch64.manylinux_2_28_aarch64.whl", hash = "sha256:d9c7f76c0673154f044e9d78c8655fb4213f6ca31a836df48b40fe5d187717b9" },
    { url = "http://airlock-proxy.uplink.goog:999/python/artifact-foundry-prod/ah-3p-staging-python/pillow/pillow-12.3.0-cp312-cp312-manylinux_2_27_x86_64.manylinux_2_28_x86_64.whl", hash = "sha256:78cb2c6865a35ab8ff8b75fd122f6033b92a62c82801110e48ddd6c936a45d91" },
    { url = "http://airlock-proxy.uplink.goog:999/python/artifact-foundry-prod/ah-3p-staging-python/pillow/pillow-12.3.0-cp312-cp312-musllinux_1_2_aarch64.whl", hash = "sha256:e491916b378fba47242221bb9ead245211b70d504f495d105d17b14a24b4907c" },
    { url = "http://airlock-proxy.uplink.goog:999/python/artifact-foundry-prod/ah-3p-staging-python/pillow/pillow-12.3.0-cp312-cp312-musllinux_1_2_x86_64.whl", hash = "sha256:0dd2064cbc55aaec028ef5fbb60fa47bb6c3e7918e07ff17935284b227a9d2df" },
    { url = "http://airlock-proxy.uplink.goog:999/python/artifact-foundry-prod/ah-3p-staging-python/pillow/pillow-12.3.0-cp312-cp312-win32.whl", hash = "sha256:dbce0b29841537a2fa4a214c2bbf14de3587c9680caa9b4e217568472490b28f" },
    { url = "http://airlock-proxy.uplink.goog:999/python/artifact-foundry-prod/ah-3p-staging-python/pillow/pillow-12.3.0-cp312-cp312-win_amd64.whl", hash = "sha256:a2b55dd6b2a4c4b7d87ffa56bdb33fdc5fdb9a462173861a7bc097f17d91cb09" },
    { url = "http://airlock-proxy.uplink.goog:999/python/artifact-foundry-prod/ah-3p-staging-python/pillow/pillow-12.3.0-cp312-cp312-win_arm64.whl", hash = "sha256:331b624368d4f1d069149002f25f44bc61c8919ce8ddb3c45bdad8f6e2d89510" },
]

[[package]]
name = "pyerfa"
version = "2.0.1.5"
source = { registry = "http://airlock-proxy.uplink.goog:999/python/artifact-foundry-prod/ah-3p-staging-python/simple/" }
dependencies = [
    { name = "numpy" },
]
sdist = { url = "http://airlock-proxy.uplink.goog:999/python/artifact-foundry-prod/ah-3p-staging-python/pyerfa/pyerfa-2.0.1.5.tar.gz", hash = "sha256:17d6b24fe4846c65d5e7d8c362dcb08199dc63b30a236aedd73875cc83e1f6c0" }
wheels = [
    { url = "http://airlock-proxy.uplink.goog:999/python/artifact-foundry-prod/ah-3p-staging-python/pyerfa/pyerfa-2.0.1.5-cp39-abi3-macosx_10_9_x86_64.whl", hash = "sha256:b282d7c60c4c47cf629c484c17ac504fcb04abd7b3f4dfcf53ee042afc3a5944" },
    { url = "http://airlock-proxy.uplink.goog:999/python/artifact-foundry-prod/ah-3p-staging-python/pyerfa/pyerfa-2.0.1.5-cp39-abi3-macosx_11_0_arm64.whl", hash = "sha256:be1aeb70390dd03a34faf96749d5cabc58437410b4aab7213c512323932427df" },
    { url = "http://airlock-proxy.uplink.goog:999/python/artifact-foundry-prod/ah-3p-staging-python/pyerfa/pyerfa-2.0.1.5-cp39-abi3-manylinux_2_17_aarch64.manylinux2014_aarch64.whl", hash = "sha256:b0603e8e1b839327d586c8a627cdc634b795e18b007d84f0cda5500a0908254e" },
    { url = "http://airlock-proxy.uplink.goog:999/python/artifact-foundry-prod/ah-3p-staging-python/pyerfa/pyerfa-2.0.1.5-cp39-abi3-manylinux_2_17_x86_64.manylinux2014_x86_64.whl", hash = "sha256:0e43c7194e3242083f2350b46c09fd4bf8ba1bcc0ebd1460b98fc47fe2389906" },
    { url = "http://airlock-proxy.uplink.goog:999/python/artifact-foundry-prod/ah-3p-staging-python/pyerfa/pyerfa-2.0.1.5-cp39-abi3-musllinux_1_2_x86_64.whl", hash = "sha256:07b80cd70701f5d066b1ac8cce406682cfcd667a1186ec7d7ade597239a6021d" },
    { url = "http://airlock-proxy.uplink.goog:999/python/artifact-foundry-prod/ah-3p-staging-python/pyerfa/pyerfa-2.0.1.5-cp39-abi3-win32.whl", hash = "sha256:d30b9b0df588ed5467e529d851ea324a67239096dd44703125072fd11b351ea2" },
    { url = "http://airlock-proxy.uplink.goog:999/python/artifact-foundry-prod/ah-3p-staging-python/pyerfa/pyerfa-2.0.1.5-cp39-abi3-win_amd64.whl", hash = "sha256:66292d437dcf75925b694977aa06eb697126e7b86553e620371ed3e48b5e0ad0" },
]

[[package]]
name = "pyyaml"
version = "6.0.3"
source = { registry = "http://airlock-proxy.uplink.goog:999/python/artifact-foundry-prod/ah-3p-staging-python/simple/" }
sdist = { url = "http://airlock-proxy.uplink.goog:999/python/artifact-foundry-prod/ah-3p-staging-python/pyyaml/pyyaml-6.0.3.tar.gz", hash = "sha256:d76623373421df22fb4cf8817020cbb7ef15c725b9d5e45f17e189bfc384190f" }
wheels = [
    { url = "http://airlock-proxy.uplink.goog:999/python/artifact-foundry-prod/ah-3p-staging-python/pyyaml/pyyaml-6.0.3-cp312-cp312-macosx_10_13_x86_64.whl", hash = "sha256:7f047e29dcae44602496db43be01ad42fc6f1cc0d8cd6c83d342306c32270196" },
    { url = "http://airlock-proxy.uplink.goog:999/python/artifact-foundry-prod/ah-3p-staging-python/pyyaml/pyyaml-6.0.3-cp312-cp312-macosx_11_0_arm64.whl", hash = "sha256:fc09d0aa354569bc501d4e787133afc08552722d3ab34836a80547331bb5d4a0" },
    { url = "http://airlock-proxy.uplink.goog:999/python/artifact-foundry-prod/ah-3p-staging-python/pyyaml/pyyaml-6.0.3-cp312-cp312-manylinux2014_aarch64.manylinux_2_17_aarch64.manylinux_2_28_aarch64.whl", hash = "sha256:9149cad251584d5fb4981be1ecde53a1ca46c891a79788c0df828d2f166bda28" },
    { url = "http://airlock-proxy.uplink.goog:999/python/artifact-foundry-prod/ah-3p-staging-python/pyyaml/pyyaml-6.0.3-cp312-cp312-manylinux2014_s390x.manylinux_2_17_s390x.manylinux_2_28_s390x.whl", hash = "sha256:5fdec68f91a0c6739b380c83b951e2c72ac0197ace422360e6d5a959d8d97b2c" },
    { url = "http://airlock-proxy.uplink.goog:999/python/artifact-foundry-prod/ah-3p-staging-python/pyyaml/pyyaml-6.0.3-cp312-cp312-manylinux2014_x86_64.manylinux_2_17_x86_64.manylinux_2_28_x86_64.whl", hash = "sha256:ba1cc08a7ccde2d2ec775841541641e4548226580ab850948cbfda66a1befcdc" },
    { url = "http://airlock-proxy.uplink.goog:999/python/artifact-foundry-prod/ah-3p-staging-python/pyyaml/pyyaml-6.0.3-cp312-cp312-musllinux_1_2_aarch64.whl", hash = "sha256:8dc52c23056b9ddd46818a57b78404882310fb473d63f17b07d5c40421e47f8e" },
    { url = "http://airlock-proxy.uplink.goog:999/python/artifact-foundry-prod/ah-3p-staging-python/pyyaml/pyyaml-6.0.3-cp312-cp312-musllinux_1_2_x86_64.whl", hash = "sha256:41715c910c881bc081f1e8872880d3c650acf13dfa8214bad49ed4cede7c34ea" },
    { url = "http://airlock-proxy.uplink.goog:999/python/artifact-foundry-prod/ah-3p-staging-python/pyyaml/pyyaml-6.0.3-cp312-cp312-win32.whl", hash = "sha256:96b533f0e99f6579b3d4d4995707cf36df9100d67e0c8303a0c55b27b5f99bc5" },
    { url = "http://airlock-proxy.uplink.goog:999/python/artifact-foundry-prod/ah-3p-staging-python/pyyaml/pyyaml-6.0.3-cp312-cp312-win_amd64.whl", hash = "sha256:5fcd34e47f6e0b794d17de1b4ff496c00986e1c83f7ab2fb8fcfe9616ff7477b" },
    { url = "http://airlock-proxy.uplink.goog:999/python/artifact-foundry-prod/ah-3p-staging-python/pyyaml/pyyaml-6.0.3-cp312-cp312-win_arm64.whl", hash = "sha256:64386e5e707d03a7e172c0701abfb7e10f0fb753ee1d773128192742712a98fd" },
]

[[package]]
name = "space-exploration-pipeline"
version = "0.1.0"
source = { virtual = "." }
dependencies = [
    { name = "astropy" },
    { name = "healpy" },
    { name = "numpy" },
    { name = "pillow" },
]

[package.metadata]
requires-dist = [
    { name = "astropy", specifier = ">=6.1" },
    { name = "healpy", specifier = ">=1.17" },
    { name = "numpy", specifier = ">=2.0" },
    { name = "pillow", specifier = ">=10" },
]
